
Microsoft Visual Studio Solution File, Format Version 12.00
# Visual Studio Version 17
VisualStudioVersion = 17.14.36221.1 d17.14
MinimumVisualStudioVersion = 10.0.40219.1
Project("{FAE04EC0-301F-11D3-BF4B-00C04F79EFBC}") = "SimpleCalculator", "SimpleCalculator\SimpleCalculator.csproj", "{28A693B6-95A7-4590-85DD-84402E2D1DAA}"
EndProject
Global
	GlobalSection(SolutionConfigurationPlatforms) = preSolution
		Debug|Any CPU = Debug|Any CPU
		Release|Any CPU = Release|Any CPU
	EndGlobalSection
	GlobalSection(ProjectConfigurationPlatforms) = postSolution
		{28A693B6-95A7-4590-85DD-84402E2D1DAA}.Debug|Any CPU.ActiveCfg = Debug|Any CPU
		{28A693B6-95A7-4590-85DD-84402E2D1DAA}.Debug|Any CPU.Build.0 = Debug|Any CPU
		{28A693B6-95A7-4590-85DD-84402E2D1DAA}.Release|Any CPU.ActiveCfg = Release|Any CPU
		{28A693B6-95A7-4590-85DD-84402E2D1DAA}.Release|Any CPU.Build.0 = Release|Any CPU
	EndGlobalSection
	GlobalSection(SolutionProperties) = preSolution
		HideSolutionNode = FALSE
	EndGlobalSection
	GlobalSection(ExtensibilityGlobals) = postSolution
		SolutionGuid = {691779C6-26A9-4BFD-94F9-75643FC2B41C}
	EndGlobalSection
EndGlobal
